
Microsoft Visual Studio Solution File, Format Version 12.00
# Visual Studio Version 17
VisualStudioVersion = 17.4.33213.308
MinimumVisualStudioVersion = 10.0.40219.1
Project("{FAE04EC0-301F-11D3-BF4B-00C04F79EFBC}") = "MainProject1", "MainProject1\MainProject1.csproj", "{20453385-4BF9-4A89-B1D9-993C7536F7DA}"
EndProject
Global
	GlobalSection(SolutionConfigurationPlatforms) = preSolution
		Debug|Any CPU = Debug|Any CPU
		Release|Any CPU = Release|Any CPU
	EndGlobalSection
	GlobalSection(ProjectConfigurationPlatforms) = postSolution
		{20453385-4BF9-4A89-B1D9-993C7536F7DA}.Debug|Any CPU.ActiveCfg = Debug|Any CPU
		{20453385-4BF9-4A89-B1D9-993C7536F7DA}.Debug|Any CPU.Build.0 = Debug|Any CPU
		{20453385-4BF9-4A89-B1D9-993C7536F7DA}.Release|Any CPU.ActiveCfg = Release|Any CPU
		{20453385-4BF9-4A89-B1D9-993C7536F7DA}.Release|Any CPU.Build.0 = Release|Any CPU
	EndGlobalSection
	GlobalSection(SolutionProperties) = preSolution
		HideSolutionNode = FALSE
	EndGlobalSection
	GlobalSection(ExtensibilityGlobals) = postSolution
		SolutionGuid = {AFE08A2C-8D2C-4629-880E-47D2DAC7E0DE}
	EndGlobalSection
EndGlobal
